
Microsoft Visual Studio Solution File, Format Version 12.00
# Visual Studio Version 17
VisualStudioVersion = 17.3.32929.385
MinimumVisualStudioVersion = 10.0.40219.1
Project("{FAE04EC0-301F-11D3-BF4B-00C04F79EFBC}") = "Ejercicio1_3.Android", "Ejercicio1_3\Ejercicio1_3.Android\Ejercicio1_3.Android.csproj", "{7F918076-1A9F-406D-8D88-0BC72BFC3D2E}"
EndProject
Project("{FAE04EC0-301F-11D3-BF4B-00C04F79EFBC}") = "Ejercicio1_3", "Ejercicio1_3\Ejercicio1_3\Ejercicio1_3.csproj", "{3145E842-0E76-439E-B02F-0040C93B0BE7}"
EndProject
Global
	GlobalSection(SolutionConfigurationPlatforms) = preSolution
		Debug|Any CPU = Debug|Any CPU
		Release|Any CPU = Release|Any CPU
	EndGlobalSection
	GlobalSection(ProjectConfigurationPlatforms) = postSolution
		{7F918076-1A9F-406D-8D88-0BC72BFC3D2E}.Debug|Any CPU.ActiveCfg = Debug|Any CPU
		{7F918076-1A9F-406D-8D88-0BC72BFC3D2E}.Debug|Any CPU.Build.0 = Debug|Any CPU
		{7F918076-1A9F-406D-8D88-0BC72BFC3D2E}.Debug|Any CPU.Deploy.0 = Debug|Any CPU
		{7F918076-1A9F-406D-8D88-0BC72BFC3D2E}.Release|Any CPU.ActiveCfg = Release|Any CPU
		{7F918076-1A9F-406D-8D88-0BC72BFC3D2E}.Release|Any CPU.Build.0 = Release|Any CPU
		{7F918076-1A9F-406D-8D88-0BC72BFC3D2E}.Release|Any CPU.Deploy.0 = Release|Any CPU
		{3145E842-0E76-439E-B02F-0040C93B0BE7}.Debug|Any CPU.ActiveCfg = Debug|Any CPU
		{3145E842-0E76-439E-B02F-0040C93B0BE7}.Debug|Any CPU.Build.0 = Debug|Any CPU
		{3145E842-0E76-439E-B02F-0040C93B0BE7}.Debug|Any CPU.Deploy.0 = Debug|Any CPU
		{3145E842-0E76-439E-B02F-0040C93B0BE7}.Release|Any CPU.ActiveCfg = Release|Any CPU
		{3145E842-0E76-439E-B02F-0040C93B0BE7}.Release|Any CPU.Build.0 = Release|Any CPU
		{3145E842-0E76-439E-B02F-0040C93B0BE7}.Release|Any CPU.Deploy.0 = Release|Any CPU
	EndGlobalSection
	GlobalSection(SolutionProperties) = preSolution
		HideSolutionNode = FALSE
	EndGlobalSection
	GlobalSection(ExtensibilityGlobals) = postSolution
		SolutionGuid = {0441C9D0-49B2-4BFC-BA9D-0050978F1174}
	EndGlobalSection
EndGlobal
